
Microsoft Visual Studio Solution File, Format Version 12.00
# Visual Studio Version 17
VisualStudioVersion = 17.10.35013.160
MinimumVisualStudioVersion = 10.0.40219.1
Project("{FAE04EC0-301F-11D3-BF4B-00C04F79EFBC}") = "Connect", "Connect.csproj", "{09359557-2C0B-4A35-82B2-29F930CA5E12}"
EndProject
Global
	GlobalSection(SolutionConfigurationPlatforms) = preSolution
		Debug|Any CPU = Debug|Any CPU
		Release|Any CPU = Release|Any CPU
	EndGlobalSection
	GlobalSection(ProjectConfigurationPlatforms) = postSolution
		{09359557-2C0B-4A35-82B2-29F930CA5E12}.Debug|Any CPU.ActiveCfg = Debug|Any CPU
		{09359557-2C0B-4A35-82B2-29F930CA5E12}.Debug|Any CPU.Build.0 = Debug|Any CPU
		{09359557-2C0B-4A35-82B2-29F930CA5E12}.Release|Any CPU.ActiveCfg = Release|Any CPU
		{09359557-2C0B-4A35-82B2-29F930CA5E12}.Release|Any CPU.Build.0 = Release|Any CPU
	EndGlobalSection
	GlobalSection(SolutionProperties) = preSolution
		HideSolutionNode = FALSE
	EndGlobalSection
	GlobalSection(ExtensibilityGlobals) = postSolution
		SolutionGuid = {1F7D0840-18B7-4E23-A262-95BEBA98F2C5}
	EndGlobalSection
EndGlobal
